
Microsoft Visual Studio Solution File, Format Version 12.00
Project("{FAE04EC0-301F-11D3-BF4B-00C04F79EFBC}") = "D2VeritySolver", "D2VeritySolver\D2VeritySolver.csproj", "{70161A16-78B0-467D-87B9-0A35AB1CE35E}"
EndProject
Global
	GlobalSection(SolutionConfigurationPlatforms) = preSolution
		Debug|Any CPU = Debug|Any CPU
		Release|Any CPU = Release|Any CPU
	EndGlobalSection
	GlobalSection(ProjectConfigurationPlatforms) = postSolution
		{70161A16-78B0-467D-87B9-0A35AB1CE35E}.Debug|Any CPU.ActiveCfg = Debug|Any CPU
		{70161A16-78B0-467D-87B9-0A35AB1CE35E}.Debug|Any CPU.Build.0 = Debug|Any CPU
		{70161A16-78B0-467D-87B9-0A35AB1CE35E}.Release|Any CPU.ActiveCfg = Release|Any CPU
		{70161A16-78B0-467D-87B9-0A35AB1CE35E}.Release|Any CPU.Build.0 = Release|Any CPU
	EndGlobalSection
EndGlobal
